// !$*UTF8*$!
{
	archiveVersion = 1;
	classes = {
	};
	objectVersion = 56;
	objects = {

/* Begin PBXBuildFile section */
		D13A73ED2C41FB87006A51D0 /* Product.swift in Sources */ = {isa = PBXBuildFile; fileRef = D13A73EC2C41FB87006A51D0 /* Product.swift */; };
		D1BC9F132C45F27D007460C0 /* AddProductViewController.swift in Sources */ = {isa = PBXBuildFile; fileRef = D1BC9F122C45F27D007460C0 /* AddProductViewController.swift */; };
		D1C633752C5352060061A843 /* seeAllViewController.swift in Sources */ = {isa = PBXBuildFile; fileRef = D1C633742C5352060061A843 /* seeAllViewController.swift */; };
		D1C633772C54852A0061A843 /* modifyViewController.swift in Sources */ = {isa = PBXBuildFile; fileRef = D1C633762C54852A0061A843 /* modifyViewController.swift */; };
		D1EF16952C40E040001BAD5F /* AppDelegate.swift in Sources */ = {isa = PBXBuildFile; fileRef = D1EF16942C40E040001BAD5F /* AppDelegate.swift */; };
		D1EF16972C40E040001BAD5F /* SceneDelegate.swift in Sources */ = {isa = PBXBuildFile; fileRef = D1EF16962C40E040001BAD5F /* SceneDelegate.swift */; };
		D1EF16992C40E040001BAD5F /* ViewController.swift in Sources */ = {isa = PBXBuildFile; fileRef = D1EF16982C40E040001BAD5F /* ViewController.swift */; };
		D1EF169C2C40E040001BAD5F /* Base in Resources */ = {isa = PBXBuildFile; fileRef = D1EF169B2C40E040001BAD5F /* Base */; };
		D1EF169E2C40E041001BAD5F /* Assets.xcassets in Resources */ = {isa = PBXBuildFile; fileRef = D1EF169D2C40E041001BAD5F /* Assets.xcassets */; };
		D1EF16A12C40E041001BAD5F /* Base in Resources */ = {isa = PBXBuildFile; fileRef = D1EF16A02C40E041001BAD5F /* Base */; };
/* End PBXBuildFile section */

/* Begin PBXFileReference section */
		D13A73EC2C41FB87006A51D0 /* Product.swift */ = {isa = PBXFileReference; lastKnownFileType = sourcecode.swift; path = Product.swift; sourceTree = "<group>"; };
		D1BC9F122C45F27D007460C0 /* AddProductViewController.swift */ = {isa = PBXFileReference; lastKnownFileType = sourcecode.swift; path = AddProductViewController.swift; sourceTree = "<group>"; };
		D1C633742C5352060061A843 /* seeAllViewController.swift */ = {isa = PBXFileReference; lastKnownFileType = sourcecode.swift; path = seeAllViewController.swift; sourceTree = "<group>"; };
		D1C633762C54852A0061A843 /* modifyViewController.swift */ = {isa = PBXFileReference; lastKnownFileType = sourcecode.swift; path = modifyViewController.swift; sourceTree = "<group>"; };
		D1EF16912C40E040001BAD5F /* ProductSystem.app */ = {isa = PBXFileReference; explicitFileType = wrapper.application; includeInIndex = 0; path = ProductSystem.app; sourceTree = BUILT_PRODUCTS_DIR; };
		D1EF16942C40E040001BAD5F /* AppDelegate.swift */ = {isa = PBXFileReference; lastKnownFileType = sourcecode.swift; path = AppDelegate.swift; sourceTree = "<group>"; };
		D1EF16962C40E040001BAD5F /* SceneDelegate.swift */ = {isa = PBXFileReference; lastKnownFileType = sourcecode.swift; path = SceneDelegate.swift; sourceTree = "<group>"; };
		D1EF16982C40E040001BAD5F /* ViewController.swift */ = {isa = PBXFileReference; lastKnownFileType = sourcecode.swift; path = ViewController.swift; sourceTree = "<group>"; };
		D1EF169B2C40E040001BAD5F /* Base */ = {isa = PBXFileReference; lastKnownFileType = file.storyboard; name = Base; path = Base.lproj/Main.storyboard; sourceTree = "<group>"; };
		D1EF169D2C40E041001BAD5F /* Assets.xcassets */ = {isa = PBXFileReference; lastKnownFileType = folder.assetcatalog; path = Assets.xcassets; sourceTree = "<group>"; };
		D1EF16A02C40E041001BAD5F /* Base */ = {isa = PBXFileReference; lastKnownFileType = file.storyboard; name = Base; path = Base.lproj/LaunchScreen.storyboard; sourceTree = "<group>"; };
		D1EF16A22C40E041001BAD5F /* Info.plist */ = {isa = PBXFileReference; lastKnownFileType = text.plist.xml; path = Info.plist; sourceTree = "<group>"; };
/* End PBXFileReference section */

/* Begin PBXFrameworksBuildPhase section */
		D1EF168E2C40E040001BAD5F /* Frameworks */ = {
			isa = PBXFrameworksBuildPhase;
			buildActionMask = 2147483647;
			files = (
			);
			runOnlyForDeploymentPostprocessing = 0;
		};
/* End PBXFrameworksBuildPhase section */

/* Begin PBXGroup section */
		D1EF16882C40E040001BAD5F = {
			isa = PBXGroup;
			children = (
				D1EF16932C40E040001BAD5F /* ProductSystem */,
				D1EF16922C40E040001BAD5F /* Products */,
			);
			sourceTree = "<group>";
		};
		D1EF16922C40E040001BAD5F /* Products */ = {
			isa = PBXGroup;
			children = (
				D1EF16912C40E040001BAD5F /* ProductSystem.app */,
			);
			name = Products;
			sourceTree = "<group>";
		};
		D1EF16932C40E040001BAD5F /* ProductSystem */ = {
			isa = PBXGroup;
			children = (
				D1EF16942C40E040001BAD5F /* AppDelegate.swift */,
				D1EF16962C40E040001BAD5F /* SceneDelegate.swift */,
				D1EF16982C40E040001BAD5F /* ViewController.swift */,
				D1EF169A2C40E040001BAD5F /* Main.storyboard */,
				D1C633762C54852A0061A843 /* modifyViewController.swift */,
				D1C633742C5352060061A843 /* seeAllViewController.swift */,
				D1BC9F122C45F27D007460C0 /* AddProductViewController.swift */,
				D1EF169D2C40E041001BAD5F /* Assets.xcassets */,
				D1EF169F2C40E041001BAD5F /* LaunchScreen.storyboard */,
				D1EF16A22C40E041001BAD5F /* Info.plist */,
				D13A73EC2C41FB87006A51D0 /* Product.swift */,
			);
			path = ProductSystem;
			sourceTree = "<group>";
		};
/* End PBXGroup section */

/* Begin PBXNativeTarget section */
		D1EF16902C40E040001BAD5F /* ProductSystem */ = {
			isa = PBXNativeTarget;
			buildConfigurationList = D1EF16A52C40E041001BAD5F /* Build configuration list for PBXNativeTarget "ProductSystem" */;
			buildPhases = (
				D1EF168D2C40E040001BAD5F /* Sources */,
				D1EF168E2C40E040001BAD5F /* Frameworks */,
				D1EF168F2C40E040001BAD5F /* Resources */,
			);
			buildRules = (
			);
			dependencies = (
			);
			name = ProductSystem;
			productName = ProductSystem;
			productReference = D1EF16912C40E040001BAD5F /* ProductSystem.app */;
			productType = "com.apple.product-type.application";
		};
/* End PBXNativeTarget section */

/* Begin PBXProject section */
		D1EF16892C40E040001BAD5F /* Project object */ = {
			isa = PBXProject;
			attributes = {
				BuildIndependentTargetsInParallel = 1;
				LastSwiftUpdateCheck = 1540;
				LastUpgradeCheck = 1540;
				TargetAttributes = {
					D1EF16902C40E040001BAD5F = {
						CreatedOnToolsVersion = 15.4;
					};
				};
			};
			buildConfigurationList = D1EF168C2C40E040001BAD5F /* Build configuration list for PBXProject "ProductSystem" */;
			compatibilityVersion = "Xcode 14.0";
			developmentRegion = en;
			hasScannedForEncodings = 0;
			knownRegions = (
				en,
				Base,
			);
			mainGroup = D1EF16882C40E040001BAD5F;
			productRefGroup = D1EF16922C40E040001BAD5F /* Products */;
			projectDirPath = "";
			projectRoot = "";
			targets = (
				D1EF16902C40E040001BAD5F /* ProductSystem */,
			);
		};
/* End PBXProject section */

/* Begin PBXResourcesBuildPhase section */
		D1EF168F2C40E040001BAD5F /* Resources */ = {
			isa = PBXResourcesBuildPhase;
			buildActionMask = 2147483647;
			files = (
				D1EF169E2C40E041001BAD5F /* Assets.xcassets in Resources */,
				D1EF16A12C40E041001BAD5F /* Base in Resources */,
				D1EF169C2C40E040001BAD5F /* Base in Resources */,
			);
			runOnlyForDeploymentPostprocessing = 0;
		};
/* End PBXResourcesBuildPhase section */

/* Begin PBXSourcesBuildPhase section */
		D1EF168D2C40E040001BAD5F /* Sources */ = {
			isa = PBXSourcesBuildPhase;
			buildActionMask = 2147483647;
			files = (
				D1EF16992C40E040001BAD5F /* ViewController.swift in Sources */,
				D13A73ED2C41FB87006A51D0 /* Product.swift in Sources */,
				D1C633752C5352060061A843 /* seeAllViewController.swift in Sources */,
				D1BC9F132C45F27D007460C0 /* AddProductViewController.swift in Sources */,
				D1EF16952C40E040001BAD5F /* AppDelegate.swift in Sources */,
				D1EF16972C40E040001BAD5F /* SceneDelegate.swift in Sources */,
				D1C633772C54852A0061A843 /* modifyViewController.swift in Sources */,
			);
			runOnlyForDeploymentPostprocessing = 0;
		};
/* End PBXSourcesBuildPhase section */

/* Begin PBXVariantGroup section */
		D1EF169A2C40E040001BAD5F /* Main.storyboard */ = {
			isa = PBXVariantGroup;
			children = (
				D1EF169B2C40E040001BAD5F /* Base */,
			);
			name = Main.storyboard;
			sourceTree = "<group>";
		};
		D1EF169F2C40E041001BAD5F /* LaunchScreen.storyboard */ = {
			isa = PBXVariantGroup;
			children = (
				D1EF16A02C40E041001BAD5F /* Base */,
			);
			name = LaunchScreen.storyboard;
			sourceTree = "<group>";
		};
/* End PBXVariantGroup section */

/* Begin XCBuildConfiguration section */
		D1EF16A32C40E041001BAD5F /* Debug */ = {
			isa = XCBuildConfiguration;
			buildSettings = {
				ALWAYS_SEARCH_USER_PATHS = NO;
				ASSETCATALOG_COMPILER_GENERATE_SWIFT_ASSET_SYMBOL_EXTENSIONS = YES;
				CLANG_ANALYZER_NONNULL = YES;
				CLANG_ANALYZER_NUMBER_OBJECT_CONVERSION = YES_AGGRESSIVE;
				CLANG_CXX_LANGUAGE_STANDARD = "gnu++20";
				CLANG_ENABLE_MODULES = YES;
				CLANG_ENABLE_OBJC_ARC = YES;
				CLANG_ENABLE_OBJC_WEAK = YES;
				CLANG_WARN_BLOCK_CAPTURE_AUTORELEASING = YES;
				CLANG_WARN_BOOL_CONVERSION = YES;
				CLANG_WARN_COMMA = YES;
				CLANG_WARN_CONSTANT_CONVERSION = YES;
				CLANG_WARN_DEPRECATED_OBJC_IMPLEMENTATIONS = YES;
				CLANG_WARN_DIRECT_OBJC_ISA_USAGE = YES_ERROR;
				CLANG_WARN_DOCUMENTATION_COMMENTS = YES;
				CLANG_WARN_EMPTY_BODY = YES;
				CLANG_WARN_ENUM_CONVERSION = YES;
				CLANG_WARN_INFINITE_RECURSION = YES;
				CLANG_WARN_INT_CONVERSION = YES;
				CLANG_WARN_NON_LITERAL_NULL_CONVERSION = YES;
				CLANG_WARN_OBJC_IMPLICIT_RETAIN_SELF = YES;
				CLANG_WARN_OBJC_LITERAL_CONVERSION = YES;
				CLANG_WARN_OBJC_ROOT_CLASS = YES_ERROR;
				CLANG_WARN_QUOTED_INCLUDE_IN_FRAMEWORK_HEADER = YES;
				CLANG_WARN_RANGE_LOOP_ANALYSIS = YES;
				CLANG_WARN_STRICT_PROTOTYPES = YES;
				CLANG_WARN_SUSPICIOUS_MOVE = YES;
				CLANG_WARN_UNGUARDED_AVAILABILITY = YES_AGGRESSIVE;
				CLANG_WARN_UNREACHABLE_CODE = YES;
				CLANG_WARN__DUPLICATE_METHOD_MATCH = YES;
				COPY_PHASE_STRIP = NO;
				DEBUG_INFORMATION_FORMAT = dwarf;
				ENABLE_STRICT_OBJC_MSGSEND = YES;
				ENABLE_TESTABILITY = YES;
				ENABLE_USER_SCRIPT_SANDBOXING = YES;
				GCC_C_LANGUAGE_STANDARD = gnu17;
				GCC_DYNAMIC_NO_PIC = NO;
				GCC_NO_COMMON_BLOCKS = YES;
				GCC_OPTIMIZATION_LEVEL = 0;
				GCC_PREPROCESSOR_DEFINITIONS = (
					"DEBUG=1",
					"$(inherited)",
				);
				GCC_WARN_64_TO_32_BIT_CONVERSION = YES;
				GCC_WARN_ABOUT_RETURN_TYPE = YES_ERROR;
				GCC_WARN_UNDECLARED_SELECTOR = YES;
				GCC_WARN_UNINITIALIZED_AUTOS = YES_AGGRESSIVE;
				GCC_WARN_UNUSED_FUNCTION = YES;
				GCC_WARN_UNUSED_VARIABLE = YES;
				IPHONEOS_DEPLOYMENT_TARGET = 17.5;
				LOCALIZATION_PREFERS_STRING_CATALOGS = YES;
				MTL_ENABLE_DEBUG_INFO = INCLUDE_SOURCE;
				MTL_FAST_MATH = YES;
				ONLY_ACTIVE_ARCH = YES;
				SDKROOT = iphoneos;
				SWIFT_ACTIVE_COMPILATION_CONDITIONS = "DEBUG $(inherited)";
				SWIFT_OPTIMIZATION_LEVEL = "-Onone";
			};
			name = Debug;
		};
		D1EF16A42C40E041001BAD5F /* Release */ = {
			isa = XCBuildConfiguration;
			buildSettings = {
				ALWAYS_SEARCH_USER_PATHS = NO;
				ASSETCATALOG_COMPILER_GENERATE_SWIFT_ASSET_SYMBOL_EXTENSIONS = YES;
				CLANG_ANALYZER_NONNULL = YES;
				CLANG_ANALYZER_NUMBER_OBJECT_CONVERSION = YES_AGGRESSIVE;
				CLANG_CXX_LANGUAGE_STANDARD = "gnu++20";
				CLANG_ENABLE_MODULES = YES;
				CLANG_ENABLE_OBJC_ARC = YES;
				CLANG_ENABLE_OBJC_WEAK = YES;
				CLANG_WARN_BLOCK_CAPTURE_AUTORELEASING = YES;
				CLANG_WARN_BOOL_CONVERSION = YES;
				CLANG_WARN_COMMA = YES;
				CLANG_WARN_CONSTANT_CONVERSION = YES;
				CLANG_WARN_DEPRECATED_OBJC_IMPLEMENTATIONS = YES;
				CLANG_WARN_DIRECT_OBJC_ISA_USAGE = YES_ERROR;
				CLANG_WARN_DOCUMENTATION_COMMENTS = YES;
				CLANG_WARN_EMPTY_BODY = YES;
				CLANG_WARN_ENUM_CONVERSION = YES;
				CLANG_WARN_INFINITE_RECURSION = YES;
				CLANG_WARN_INT_CONVERSION = YES;
				CLANG_WARN_NON_LITERAL_NULL_CONVERSION = YES;
				CLANG_WARN_OBJC_IMPLICIT_RETAIN_SELF = YES;
				CLANG_WARN_OBJC_LITERAL_CONVERSION = YES;
				CLANG_WARN_OBJC_ROOT_CLASS = YES_ERROR;
				CLANG_WARN_QUOTED_INCLUDE_IN_FRAMEWORK_HEADER = YES;
				CLANG_WARN_RANGE_LOOP_ANALYSIS = YES;
				CLANG_WARN_STRICT_PROTOTYPES = YES;
				CLANG_WARN_SUSPICIOUS_MOVE = YES;
				CLANG_WARN_UNGUARDED_AVAILABILITY = YES_AGGRESSIVE;
				CLANG_WARN_UNREACHABLE_CODE = YES;
				CLANG_WARN__DUPLICATE_METHOD_MATCH = YES;
				COPY_PHASE_STRIP = NO;
				DEBUG_INFORMATION_FORMAT = "dwarf-with-dsym";
				ENABLE_NS_ASSERTIONS = NO;
				ENABLE_STRICT_OBJC_MSGSEND = YES;
				ENABLE_USER_SCRIPT_SANDBOXING = YES;
				GCC_C_LANGUAGE_STANDARD = gnu17;
				GCC_NO_COMMON_BLOCKS = YES;
				GCC_WARN_64_TO_32_BIT_CONVERSION = YES;
				GCC_WARN_ABOUT_RETURN_TYPE = YES_ERROR;
				GCC_WARN_UNDECLARED_SELECTOR = YES;
				GCC_WARN_UNINITIALIZED_AUTOS = YES_AGGRESSIVE;
				GCC_WARN_UNUSED_FUNCTION = YES;
				GCC_WARN_UNUSED_VARIABLE = YES;
				IPHONEOS_DEPLOYMENT_TARGET = 17.5;
				LOCALIZATION_PREFERS_STRING_CATALOGS = YES;
				MTL_ENABLE_DEBUG_INFO = NO;
				MTL_FAST_MATH = YES;
				SDKROOT = iphoneos;
				SWIFT_COMPILATION_MODE = wholemodule;
				VALIDATE_PRODUCT = YES;
			};
			name = Release;
		};
		D1EF16A62C40E041001BAD5F /* Debug */ = {
			isa = XCBuildConfiguration;
			buildSettings = {
				ASSETCATALOG_COMPILER_APPICON_NAME = AppIcon;
				ASSETCATALOG_COMPILER_GLOBAL_ACCENT_COLOR_NAME = AccentColor;
				CODE_SIGN_STYLE = Automatic;
				CURRENT_PROJECT_VERSION = 1;
				DEVELOPMENT_TEAM = 23N4FB5GC6;
				GENERATE_INFOPLIST_FILE = YES;
				INFOPLIST_FILE = ProductSystem/Info.plist;
				INFOPLIST_KEY_UIApplicationSupportsIndirectInputEvents = YES;
				INFOPLIST_KEY_UILaunchStoryboardName = LaunchScreen;
				INFOPLIST_KEY_UIMainStoryboardFile = Main;
				INFOPLIST_KEY_UISupportedInterfaceOrientations = UIInterfaceOrientationPortrait;
				LD_RUNPATH_SEARCH_PATHS = (
					"$(inherited)",
					"@executable_path/Frameworks",
				);
				MARKETING_VERSION = 1.0;
				PRODUCT_BUNDLE_IDENTIFIER = luissaravia.ProductSystem;
				PRODUCT_NAME = "$(TARGET_NAME)";
				SWIFT_EMIT_LOC_STRINGS = YES;
				SWIFT_VERSION = 5.0;
				TARGETED_DEVICE_FAMILY = "1,2";
			};
			name = Debug;
		};
		D1EF16A72C40E041001BAD5F /* Release */ = {
			isa = XCBuildConfiguration;
			buildSettings = {
				ASSETCATALOG_COMPILER_APPICON_NAME = AppIcon;
				ASSETCATALOG_COMPILER_GLOBAL_ACCENT_COLOR_NAME = AccentColor;
				CODE_SIGN_STYLE = Automatic;
				CURRENT_PROJECT_VERSION = 1;
				DEVELOPMENT_TEAM = 23N4FB5GC6;
				GENERATE_INFOPLIST_FILE = YES;
				INFOPLIST_FILE = ProductSystem/Info.plist;
				INFOPLIST_KEY_UIApplicationSupportsIndirectInputEvents = YES;
				INFOPLIST_KEY_UILaunchStoryboardName = LaunchScreen;
				INFOPLIST_KEY_UIMainStoryboardFile = Main;
				INFOPLIST_KEY_UISupportedInterfaceOrientations = UIInterfaceOrientationPortrait;
				LD_RUNPATH_SEARCH_PATHS = (
					"$(inherited)",
					"@executable_path/Frameworks",
				);
				MARKETING_VERSION = 1.0;
				PRODUCT_BUNDLE_IDENTIFIER = luissaravia.ProductSystem;
				PRODUCT_NAME = "$(TARGET_NAME)";
				SWIFT_EMIT_LOC_STRINGS = YES;
				SWIFT_VERSION = 5.0;
				TARGETED_DEVICE_FAMILY = "1,2";
			};
			name = Release;
		};
/* End XCBuildConfiguration section */

/* Begin XCConfigurationList section */
		D1EF168C2C40E040001BAD5F /* Build configuration list for PBXProject "ProductSystem" */ = {
			isa = XCConfigurationList;
			buildConfigurations = (
				D1EF16A32C40E041001BAD5F /* Debug */,
				D1EF16A42C40E041001BAD5F /* Release */,
			);
			defaultConfigurationIsVisible = 0;
			defaultConfigurationName = Release;
		};
		D1EF16A52C40E041001BAD5F /* Build configuration list for PBXNativeTarget "ProductSystem" */ = {
			isa = XCConfigurationList;
			buildConfigurations = (
				D1EF16A62C40E041001BAD5F /* Debug */,
				D1EF16A72C40E041001BAD5F /* Release */,
			);
			defaultConfigurationIsVisible = 0;
			defaultConfigurationName = Release;
		};
/* End XCConfigurationList section */
	};
	rootObject = D1EF16892C40E040001BAD5F /* Project object */;
}
